
Microsoft Visual Studio Solution File, Format Version 12.00
# Visual Studio Version 17
VisualStudioVersion = 17.0.31903.59
MinimumVisualStudioVersion = 10.0.40219.1
Project("{2150E333-8FDC-42A3-9474-1A3956D46DE8}") = "src", "src", "{827E0CD3-B72D-47B6-A68D-7590B98EB39B}"
EndProject
Project("{FAE04EC0-301F-11D3-BF4B-00C04F79EFBC}") = "MakouReactor.Core", "src\MakouReactor.Core\MakouReactor.Core.csproj", "{292C1878-0E35-42F3-AED3-5220CEB9F4CF}"
EndProject
Project("{FAE04EC0-301F-11D3-BF4B-00C04F79EFBC}") = "MakouReactor.AI", "src\MakouReactor.AI\MakouReactor.AI.csproj", "{93AF7AC8-9A20-45D1-AFB4-4A573A702970}"
EndProject
Project("{FAE04EC0-301F-11D3-BF4B-00C04F79EFBC}") = "MakouReactor.CLI", "src\MakouReactor.CLI\MakouReactor.CLI.csproj", "{E66872AE-7AB0-429F-875E-C6B2B941E99C}"
EndProject
Project("{FAE04EC0-301F-11D3-BF4B-00C04F79EFBC}") = "MakouReactor.UI.WPF", "src\MakouReactor.UI.WPF\MakouReactor.UI.WPF.csproj", "{140AB282-E204-4671-B97D-D1F10A0C2847}"
EndProject
Project("{2150E333-8FDC-42A3-9474-1A3956D46DE8}") = "tests", "tests", "{0AB3BF05-4346-4AA6-1389-037BE0695223}"
EndProject
Project("{FAE04EC0-301F-11D3-BF4B-00C04F79EFBC}") = "MakouReactor.Tests", "tests\MakouReactor.Tests\MakouReactor.Tests.csproj", "{376A9778-B40B-43CE-A59B-8C3B697F11C2}"
EndProject
Project("{FAE04EC0-301F-11D3-BF4B-00C04F79EFBC}") = "MakouReactor.UI.WPF.Tests", "tests\MakouReactor.UI.WPF.Tests\MakouReactor.UI.WPF.Tests.csproj", "{6F73F42D-2AEF-4BA4-B448-F8E5FDC34A9B}"
EndProject
Global
	GlobalSection(SolutionConfigurationPlatforms) = preSolution
		Debug|Any CPU = Debug|Any CPU
		Debug|x64 = Debug|x64
		Debug|x86 = Debug|x86
		Release|Any CPU = Release|Any CPU
		Release|x64 = Release|x64
		Release|x86 = Release|x86
	EndGlobalSection
	GlobalSection(ProjectConfigurationPlatforms) = postSolution
		{292C1878-0E35-42F3-AED3-5220CEB9F4CF}.Debug|Any CPU.ActiveCfg = Debug|Any CPU
		{292C1878-0E35-42F3-AED3-5220CEB9F4CF}.Debug|Any CPU.Build.0 = Debug|Any CPU
		{292C1878-0E35-42F3-AED3-5220CEB9F4CF}.Debug|x64.ActiveCfg = Debug|Any CPU
		{292C1878-0E35-42F3-AED3-5220CEB9F4CF}.Debug|x64.Build.0 = Debug|Any CPU
		{292C1878-0E35-42F3-AED3-5220CEB9F4CF}.Debug|x86.ActiveCfg = Debug|Any CPU
		{292C1878-0E35-42F3-AED3-5220CEB9F4CF}.Debug|x86.Build.0 = Debug|Any CPU
		{292C1878-0E35-42F3-AED3-5220CEB9F4CF}.Release|Any CPU.ActiveCfg = Release|Any CPU
		{292C1878-0E35-42F3-AED3-5220CEB9F4CF}.Release|Any CPU.Build.0 = Release|Any CPU
		{292C1878-0E35-42F3-AED3-5220CEB9F4CF}.Release|x64.ActiveCfg = Release|Any CPU
		{292C1878-0E35-42F3-AED3-5220CEB9F4CF}.Release|x64.Build.0 = Release|Any CPU
		{292C1878-0E35-42F3-AED3-5220CEB9F4CF}.Release|x86.ActiveCfg = Release|Any CPU
		{292C1878-0E35-42F3-AED3-5220CEB9F4CF}.Release|x86.Build.0 = Release|Any CPU
		{93AF7AC8-9A20-45D1-AFB4-4A573A702970}.Debug|Any CPU.ActiveCfg = Debug|Any CPU
		{93AF7AC8-9A20-45D1-AFB4-4A573A702970}.Debug|Any CPU.Build.0 = Debug|Any CPU
		{93AF7AC8-9A20-45D1-AFB4-4A573A702970}.Debug|x64.ActiveCfg = Debug|Any CPU
		{93AF7AC8-9A20-45D1-AFB4-4A573A702970}.Debug|x64.Build.0 = Debug|Any CPU
		{93AF7AC8-9A20-45D1-AFB4-4A573A702970}.Debug|x86.ActiveCfg = Debug|Any CPU
		{93AF7AC8-9A20-45D1-AFB4-4A573A702970}.Debug|x86.Build.0 = Debug|Any CPU
		{93AF7AC8-9A20-45D1-AFB4-4A573A702970}.Release|Any CPU.ActiveCfg = Release|Any CPU
		{93AF7AC8-9A20-45D1-AFB4-4A573A702970}.Release|Any CPU.Build.0 = Release|Any CPU
		{93AF7AC8-9A20-45D1-AFB4-4A573A702970}.Release|x64.ActiveCfg = Release|Any CPU
		{93AF7AC8-9A20-45D1-AFB4-4A573A702970}.Release|x64.Build.0 = Release|Any CPU
		{93AF7AC8-9A20-45D1-AFB4-4A573A702970}.Release|x86.ActiveCfg = Release|Any CPU
		{93AF7AC8-9A20-45D1-AFB4-4A573A702970}.Release|x86.Build.0 = Release|Any CPU
		{E66872AE-7AB0-429F-875E-C6B2B941E99C}.Debug|Any CPU.ActiveCfg = Debug|Any CPU
		{E66872AE-7AB0-429F-875E-C6B2B941E99C}.Debug|Any CPU.Build.0 = Debug|Any CPU
		{E66872AE-7AB0-429F-875E-C6B2B941E99C}.Debug|x64.ActiveCfg = Debug|Any CPU
		{E66872AE-7AB0-429F-875E-C6B2B941E99C}.Debug|x64.Build.0 = Debug|Any CPU
		{E66872AE-7AB0-429F-875E-C6B2B941E99C}.Debug|x86.ActiveCfg = Debug|Any CPU
		{E66872AE-7AB0-429F-875E-C6B2B941E99C}.Debug|x86.Build.0 = Debug|Any CPU
		{E66872AE-7AB0-429F-875E-C6B2B941E99C}.Release|Any CPU.ActiveCfg = Release|Any CPU
		{E66872AE-7AB0-429F-875E-C6B2B941E99C}.Release|Any CPU.Build.0 = Release|Any CPU
		{E66872AE-7AB0-429F-875E-C6B2B941E99C}.Release|x64.ActiveCfg = Release|Any CPU
		{E66872AE-7AB0-429F-875E-C6B2B941E99C}.Release|x64.Build.0 = Release|Any CPU
		{E66872AE-7AB0-429F-875E-C6B2B941E99C}.Release|x86.ActiveCfg = Release|Any CPU
		{E66872AE-7AB0-429F-875E-C6B2B941E99C}.Release|x86.Build.0 = Release|Any CPU
		{140AB282-E204-4671-B97D-D1F10A0C2847}.Debug|Any CPU.ActiveCfg = Debug|Any CPU
		{140AB282-E204-4671-B97D-D1F10A0C2847}.Debug|Any CPU.Build.0 = Debug|Any CPU
		{140AB282-E204-4671-B97D-D1F10A0C2847}.Debug|x64.ActiveCfg = Debug|Any CPU
		{140AB282-E204-4671-B97D-D1F10A0C2847}.Debug|x64.Build.0 = Debug|Any CPU
		{140AB282-E204-4671-B97D-D1F10A0C2847}.Debug|x86.ActiveCfg = Debug|Any CPU
		{140AB282-E204-4671-B97D-D1F10A0C2847}.Debug|x86.Build.0 = Debug|Any CPU
		{140AB282-E204-4671-B97D-D1F10A0C2847}.Release|Any CPU.ActiveCfg = Release|Any CPU
		{140AB282-E204-4671-B97D-D1F10A0C2847}.Release|Any CPU.Build.0 = Release|Any CPU
		{140AB282-E204-4671-B97D-D1F10A0C2847}.Release|x64.ActiveCfg = Release|Any CPU
		{140AB282-E204-4671-B97D-D1F10A0C2847}.Release|x64.Build.0 = Release|Any CPU
		{140AB282-E204-4671-B97D-D1F10A0C2847}.Release|x86.ActiveCfg = Release|Any CPU
		{140AB282-E204-4671-B97D-D1F10A0C2847}.Release|x86.Build.0 = Release|Any CPU
		{376A9778-B40B-43CE-A59B-8C3B697F11C2}.Debug|Any CPU.ActiveCfg = Debug|Any CPU
		{376A9778-B40B-43CE-A59B-8C3B697F11C2}.Debug|Any CPU.Build.0 = Debug|Any CPU
		{376A9778-B40B-43CE-A59B-8C3B697F11C2}.Debug|x64.ActiveCfg = Debug|Any CPU
		{376A9778-B40B-43CE-A59B-8C3B697F11C2}.Debug|x64.Build.0 = Debug|Any CPU
		{376A9778-B40B-43CE-A59B-8C3B697F11C2}.Debug|x86.ActiveCfg = Debug|Any CPU
		{376A9778-B40B-43CE-A59B-8C3B697F11C2}.Debug|x86.Build.0 = Debug|Any CPU
		{376A9778-B40B-43CE-A59B-8C3B697F11C2}.Release|Any CPU.ActiveCfg = Release|Any CPU
		{376A9778-B40B-43CE-A59B-8C3B697F11C2}.Release|Any CPU.Build.0 = Release|Any CPU
		{376A9778-B40B-43CE-A59B-8C3B697F11C2}.Release|x64.ActiveCfg = Release|Any CPU
		{376A9778-B40B-43CE-A59B-8C3B697F11C2}.Release|x64.Build.0 = Release|Any CPU
		{376A9778-B40B-43CE-A59B-8C3B697F11C2}.Release|x86.ActiveCfg = Release|Any CPU
		{376A9778-B40B-43CE-A59B-8C3B697F11C2}.Release|x86.Build.0 = Release|Any CPU
		{6F73F42D-2AEF-4BA4-B448-F8E5FDC34A9B}.Debug|Any CPU.ActiveCfg = Debug|Any CPU
		{6F73F42D-2AEF-4BA4-B448-F8E5FDC34A9B}.Debug|Any CPU.Build.0 = Debug|Any CPU
		{6F73F42D-2AEF-4BA4-B448-F8E5FDC34A9B}.Debug|x64.ActiveCfg = Debug|Any CPU
		{6F73F42D-2AEF-4BA4-B448-F8E5FDC34A9B}.Debug|x64.Build.0 = Debug|Any CPU
		{6F73F42D-2AEF-4BA4-B448-F8E5FDC34A9B}.Debug|x86.ActiveCfg = Debug|Any CPU
		{6F73F42D-2AEF-4BA4-B448-F8E5FDC34A9B}.Debug|x86.Build.0 = Debug|Any CPU
		{6F73F42D-2AEF-4BA4-B448-F8E5FDC34A9B}.Release|Any CPU.ActiveCfg = Release|Any CPU
		{6F73F42D-2AEF-4BA4-B448-F8E5FDC34A9B}.Release|Any CPU.Build.0 = Release|Any CPU
		{6F73F42D-2AEF-4BA4-B448-F8E5FDC34A9B}.Release|x64.ActiveCfg = Release|Any CPU
		{6F73F42D-2AEF-4BA4-B448-F8E5FDC34A9B}.Release|x64.Build.0 = Release|Any CPU
		{6F73F42D-2AEF-4BA4-B448-F8E5FDC34A9B}.Release|x86.ActiveCfg = Release|Any CPU
		{6F73F42D-2AEF-4BA4-B448-F8E5FDC34A9B}.Release|x86.Build.0 = Release|Any CPU
	EndGlobalSection
	GlobalSection(SolutionProperties) = preSolution
		HideSolutionNode = FALSE
	EndGlobalSection
	GlobalSection(NestedProjects) = preSolution
		{292C1878-0E35-42F3-AED3-5220CEB9F4CF} = {827E0CD3-B72D-47B6-A68D-7590B98EB39B}
		{93AF7AC8-9A20-45D1-AFB4-4A573A702970} = {827E0CD3-B72D-47B6-A68D-7590B98EB39B}
		{E66872AE-7AB0-429F-875E-C6B2B941E99C} = {827E0CD3-B72D-47B6-A68D-7590B98EB39B}
		{140AB282-E204-4671-B97D-D1F10A0C2847} = {827E0CD3-B72D-47B6-A68D-7590B98EB39B}
		{376A9778-B40B-43CE-A59B-8C3B697F11C2} = {0AB3BF05-4346-4AA6-1389-037BE0695223}
		{6F73F42D-2AEF-4BA4-B448-F8E5FDC34A9B} = {0AB3BF05-4346-4AA6-1389-037BE0695223}
	EndGlobalSection
EndGlobal
